
Microsoft Visual Studio Solution File, Format Version 12.00
# Visual Studio 15
VisualStudioVersion = 15.0.28307.329
MinimumVisualStudioVersion = 10.0.40219.1
Project("{FAE04EC0-301F-11D3-BF4B-00C04F79EFBC}") = "Homework 4_8_2019", "Homework 4_8_2019\Homework 4_8_2019.csproj", "{F58161C0-ACF9-4E70-AB41-0E771E93C984}"
EndProject
Project("{FAE04EC0-301F-11D3-BF4B-00C04F79EFBC}") = "PpldbLibrary", "PpldbLibrary\PpldbLibrary.csproj", "{9F8A7996-85EB-421D-B061-6C3A5DE37FC7}"
EndProject
Global
	GlobalSection(SolutionConfigurationPlatforms) = preSolution
		Debug|Any CPU = Debug|Any CPU
		Release|Any CPU = Release|Any CPU
	EndGlobalSection
	GlobalSection(ProjectConfigurationPlatforms) = postSolution
		{F58161C0-ACF9-4E70-AB41-0E771E93C984}.Debug|Any CPU.ActiveCfg = Debug|Any CPU
		{F58161C0-ACF9-4E70-AB41-0E771E93C984}.Debug|Any CPU.Build.0 = Debug|Any CPU
		{F58161C0-ACF9-4E70-AB41-0E771E93C984}.Release|Any CPU.ActiveCfg = Release|Any CPU
		{F58161C0-ACF9-4E70-AB41-0E771E93C984}.Release|Any CPU.Build.0 = Release|Any CPU
		{9F8A7996-85EB-421D-B061-6C3A5DE37FC7}.Debug|Any CPU.ActiveCfg = Debug|Any CPU
		{9F8A7996-85EB-421D-B061-6C3A5DE37FC7}.Debug|Any CPU.Build.0 = Debug|Any CPU
		{9F8A7996-85EB-421D-B061-6C3A5DE37FC7}.Release|Any CPU.ActiveCfg = Release|Any CPU
		{9F8A7996-85EB-421D-B061-6C3A5DE37FC7}.Release|Any CPU.Build.0 = Release|Any CPU
	EndGlobalSection
	GlobalSection(SolutionProperties) = preSolution
		HideSolutionNode = FALSE
	EndGlobalSection
	GlobalSection(ExtensibilityGlobals) = postSolution
		SolutionGuid = {2036DE8D-8152-403D-99E1-E34C7309E8E8}
	EndGlobalSection
EndGlobal
